
Microsoft Visual Studio Solution File, Format Version 12.00
# Visual Studio Version 16
VisualStudioVersion = 16.0.31727.386
MinimumVisualStudioVersion = 10.0.40219.1
Project("{9A19103F-16F7-4668-BE54-9A1E7A4F7556}") = "CN34ZF_HFT_2021221.Client", "CN34ZF_HFT_2021221.Client\CN34ZF_HFT_2021221.Client.csproj", "{93EAC90A-6034-44FD-AD2A-244725C93159}"
EndProject
Project("{9A19103F-16F7-4668-BE54-9A1E7A4F7556}") = "CN34ZF_HFT_2021221.Models", "CN34ZF_HFT_2021221.Models\CN34ZF_HFT_2021221.Models.csproj", "{004C7945-4A94-46BE-A825-543D4A0CE67A}"
EndProject
Project("{9A19103F-16F7-4668-BE54-9A1E7A4F7556}") = "CN34ZF_HFT_2021221.Data", "CN34ZF_HFT_2021221.Data\CN34ZF_HFT_2021221.Data.csproj", "{04ACA2B3-FE41-4696-99D9-F9BB2F33FA5A}"
EndProject
Project("{9A19103F-16F7-4668-BE54-9A1E7A4F7556}") = "CN34ZF_HFT_2021221.Logic", "CN34ZF_HFT_2021221.Logic\CN34ZF_HFT_2021221.Logic.csproj", "{DD6EEA88-3040-4472-A7B0-1463D2FD5FDB}"
EndProject
Project("{9A19103F-16F7-4668-BE54-9A1E7A4F7556}") = "CN34ZF_HFT_2021221.Repository", "CN34ZF_HFT_2021221.Repository\CN34ZF_HFT_2021221.Repository.csproj", "{2BFD9751-0880-48EB-927B-D6E70E6E05FB}"
EndProject
Project("{9A19103F-16F7-4668-BE54-9A1E7A4F7556}") = "CN34ZF_HFT_2021221.Test", "CN34ZF_HFT_2021221.Test\CN34ZF_HFT_2021221.Test.csproj", "{85E45103-BF8E-4749-AF88-6308FD712E7E}"
EndProject
Project("{9A19103F-16F7-4668-BE54-9A1E7A4F7556}") = "CN34ZF_HFT_2021221.Endpoint", "CN34ZF_HFT_2021221.Endpoint\CN34ZF_HFT_2021221.Endpoint.csproj", "{37A6F1B4-223B-4EB6-8F13-546658F6081E}"
EndProject
Project("{2150E333-8FDC-42A3-9474-1A3956D46DE8}") = "Backend", "Backend", "{68D12CC0-6109-46F9-ADBF-A504D461B0EE}"
EndProject
Project("{2150E333-8FDC-42A3-9474-1A3956D46DE8}") = "Frontend", "Frontend", "{F0BA2D60-B76B-4BCE-952D-84838DBF01CB}"
EndProject
Project("{2150E333-8FDC-42A3-9474-1A3956D46DE8}") = "Shared", "Shared", "{1E9B0A48-1ED5-417E-BA32-C3CFAF9B13A0}"
EndProject
Project("{2150E333-8FDC-42A3-9474-1A3956D46DE8}") = "Others", "Others", "{12E7B4EF-858C-47F8-B34B-7CCDA4352B32}"
	ProjectSection(SolutionItems) = preProject
		.gitignore = .gitignore
	EndProjectSection
EndProject
Project("{9A19103F-16F7-4668-BE54-9A1E7A4F7556}") = "CN34ZF_HFT_2021221.WPFClient", "FootballDbApp.WpfClient\CN34ZF_HFT_2021221.WPFClient.csproj", "{2CF38BE1-AD83-45E5-A358-7E8F02CC275D}"
EndProject
Project("{FAE04EC0-301F-11D3-BF4B-00C04F79EFBC}") = "CN34ZF_HFT_2021221.JSClient", "CN34ZF_HFT_2021221.JSClient\CN34ZF_HFT_2021221.JSClient.csproj", "{1D2163FE-C0A6-4E2D-A1B5-F5894B560CD1}"
EndProject
Global
	GlobalSection(SolutionConfigurationPlatforms) = preSolution
		Debug|Any CPU = Debug|Any CPU
		Release|Any CPU = Release|Any CPU
	EndGlobalSection
	GlobalSection(ProjectConfigurationPlatforms) = postSolution
		{93EAC90A-6034-44FD-AD2A-244725C93159}.Debug|Any CPU.ActiveCfg = Debug|Any CPU
		{93EAC90A-6034-44FD-AD2A-244725C93159}.Debug|Any CPU.Build.0 = Debug|Any CPU
		{93EAC90A-6034-44FD-AD2A-244725C93159}.Release|Any CPU.ActiveCfg = Release|Any CPU
		{93EAC90A-6034-44FD-AD2A-244725C93159}.Release|Any CPU.Build.0 = Release|Any CPU
		{004C7945-4A94-46BE-A825-543D4A0CE67A}.Debug|Any CPU.ActiveCfg = Debug|Any CPU
		{004C7945-4A94-46BE-A825-543D4A0CE67A}.Debug|Any CPU.Build.0 = Debug|Any CPU
		{004C7945-4A94-46BE-A825-543D4A0CE67A}.Release|Any CPU.ActiveCfg = Release|Any CPU
		{004C7945-4A94-46BE-A825-543D4A0CE67A}.Release|Any CPU.Build.0 = Release|Any CPU
		{04ACA2B3-FE41-4696-99D9-F9BB2F33FA5A}.Debug|Any CPU.ActiveCfg = Debug|Any CPU
		{04ACA2B3-FE41-4696-99D9-F9BB2F33FA5A}.Debug|Any CPU.Build.0 = Debug|Any CPU
		{04ACA2B3-FE41-4696-99D9-F9BB2F33FA5A}.Release|Any CPU.ActiveCfg = Release|Any CPU
		{04ACA2B3-FE41-4696-99D9-F9BB2F33FA5A}.Release|Any CPU.Build.0 = Release|Any CPU
		{DD6EEA88-3040-4472-A7B0-1463D2FD5FDB}.Debug|Any CPU.ActiveCfg = Debug|Any CPU
		{DD6EEA88-3040-4472-A7B0-1463D2FD5FDB}.Debug|Any CPU.Build.0 = Debug|Any CPU
		{DD6EEA88-3040-4472-A7B0-1463D2FD5FDB}.Release|Any CPU.ActiveCfg = Release|Any CPU
		{DD6EEA88-3040-4472-A7B0-1463D2FD5FDB}.Release|Any CPU.Build.0 = Release|Any CPU
		{2BFD9751-0880-48EB-927B-D6E70E6E05FB}.Debug|Any CPU.ActiveCfg = Debug|Any CPU
		{2BFD9751-0880-48EB-927B-D6E70E6E05FB}.Debug|Any CPU.Build.0 = Debug|Any CPU
		{2BFD9751-0880-48EB-927B-D6E70E6E05FB}.Release|Any CPU.ActiveCfg = Release|Any CPU
		{2BFD9751-0880-48EB-927B-D6E70E6E05FB}.Release|Any CPU.Build.0 = Release|Any CPU
		{85E45103-BF8E-4749-AF88-6308FD712E7E}.Debug|Any CPU.ActiveCfg = Debug|Any CPU
		{85E45103-BF8E-4749-AF88-6308FD712E7E}.Debug|Any CPU.Build.0 = Debug|Any CPU
		{85E45103-BF8E-4749-AF88-6308FD712E7E}.Release|Any CPU.ActiveCfg = Release|Any CPU
		{85E45103-BF8E-4749-AF88-6308FD712E7E}.Release|Any CPU.Build.0 = Release|Any CPU
		{37A6F1B4-223B-4EB6-8F13-546658F6081E}.Debug|Any CPU.ActiveCfg = Debug|Any CPU
		{37A6F1B4-223B-4EB6-8F13-546658F6081E}.Debug|Any CPU.Build.0 = Debug|Any CPU
		{37A6F1B4-223B-4EB6-8F13-546658F6081E}.Release|Any CPU.ActiveCfg = Release|Any CPU
		{37A6F1B4-223B-4EB6-8F13-546658F6081E}.Release|Any CPU.Build.0 = Release|Any CPU
		{2CF38BE1-AD83-45E5-A358-7E8F02CC275D}.Debug|Any CPU.ActiveCfg = Debug|Any CPU
		{2CF38BE1-AD83-45E5-A358-7E8F02CC275D}.Debug|Any CPU.Build.0 = Debug|Any CPU
		{2CF38BE1-AD83-45E5-A358-7E8F02CC275D}.Release|Any CPU.ActiveCfg = Release|Any CPU
		{2CF38BE1-AD83-45E5-A358-7E8F02CC275D}.Release|Any CPU.Build.0 = Release|Any CPU
		{1D2163FE-C0A6-4E2D-A1B5-F5894B560CD1}.Debug|Any CPU.ActiveCfg = Debug|Any CPU
		{1D2163FE-C0A6-4E2D-A1B5-F5894B560CD1}.Debug|Any CPU.Build.0 = Debug|Any CPU
		{1D2163FE-C0A6-4E2D-A1B5-F5894B560CD1}.Release|Any CPU.ActiveCfg = Release|Any CPU
		{1D2163FE-C0A6-4E2D-A1B5-F5894B560CD1}.Release|Any CPU.Build.0 = Release|Any CPU
	EndGlobalSection
	GlobalSection(SolutionProperties) = preSolution
		HideSolutionNode = FALSE
	EndGlobalSection
	GlobalSection(NestedProjects) = preSolution
		{93EAC90A-6034-44FD-AD2A-244725C93159} = {F0BA2D60-B76B-4BCE-952D-84838DBF01CB}
		{004C7945-4A94-46BE-A825-543D4A0CE67A} = {1E9B0A48-1ED5-417E-BA32-C3CFAF9B13A0}
		{04ACA2B3-FE41-4696-99D9-F9BB2F33FA5A} = {68D12CC0-6109-46F9-ADBF-A504D461B0EE}
		{DD6EEA88-3040-4472-A7B0-1463D2FD5FDB} = {68D12CC0-6109-46F9-ADBF-A504D461B0EE}
		{2BFD9751-0880-48EB-927B-D6E70E6E05FB} = {68D12CC0-6109-46F9-ADBF-A504D461B0EE}
		{85E45103-BF8E-4749-AF88-6308FD712E7E} = {68D12CC0-6109-46F9-ADBF-A504D461B0EE}
		{37A6F1B4-223B-4EB6-8F13-546658F6081E} = {68D12CC0-6109-46F9-ADBF-A504D461B0EE}
	EndGlobalSection
	GlobalSection(ExtensibilityGlobals) = postSolution
		SolutionGuid = {C138545C-7FE9-4B75-9FC8-E5FD5ED2E3BD}
	EndGlobalSection
EndGlobal
